
Microsoft Visual Studio Solution File, Format Version 12.00
# Visual Studio 15
VisualStudioVersion = 15.0.27703.2035
MinimumVisualStudioVersion = 10.0.40219.1
Project("{FAE04EC0-301F-11D3-BF4B-00C04F79EFBC}") = "Stuart.ShapeCalculation", "Stuart.ShapeCalculation\Stuart.ShapeCalculation.csproj", "{0514A015-481C-421E-A45B-4EF887BDDD7D}"
EndProject
Project("{FAE04EC0-301F-11D3-BF4B-00C04F79EFBC}") = "Stuart.ShapeCalculation.Tests", "Stuart.ShapeCalculation.Tests\Stuart.ShapeCalculation.Tests.csproj", "{BD069B4B-6248-4E76-9DE2-ABCAE9DC01C0}"
EndProject
Global
	GlobalSection(SolutionConfigurationPlatforms) = preSolution
		Debug|Any CPU = Debug|Any CPU
		Release|Any CPU = Release|Any CPU
	EndGlobalSection
	GlobalSection(ProjectConfigurationPlatforms) = postSolution
		{0514A015-481C-421E-A45B-4EF887BDDD7D}.Debug|Any CPU.ActiveCfg = Debug|Any CPU
		{0514A015-481C-421E-A45B-4EF887BDDD7D}.Debug|Any CPU.Build.0 = Debug|Any CPU
		{0514A015-481C-421E-A45B-4EF887BDDD7D}.Release|Any CPU.ActiveCfg = Release|Any CPU
		{0514A015-481C-421E-A45B-4EF887BDDD7D}.Release|Any CPU.Build.0 = Release|Any CPU
		{BD069B4B-6248-4E76-9DE2-ABCAE9DC01C0}.Debug|Any CPU.ActiveCfg = Debug|Any CPU
		{BD069B4B-6248-4E76-9DE2-ABCAE9DC01C0}.Debug|Any CPU.Build.0 = Debug|Any CPU
		{BD069B4B-6248-4E76-9DE2-ABCAE9DC01C0}.Release|Any CPU.ActiveCfg = Release|Any CPU
		{BD069B4B-6248-4E76-9DE2-ABCAE9DC01C0}.Release|Any CPU.Build.0 = Release|Any CPU
	EndGlobalSection
	GlobalSection(SolutionProperties) = preSolution
		HideSolutionNode = FALSE
	EndGlobalSection
	GlobalSection(ExtensibilityGlobals) = postSolution
		SolutionGuid = {057A6331-757D-42B3-A23C-26A9DD4D4F5F}
	EndGlobalSection
EndGlobal
